
Microsoft Visual Studio Solution File, Format Version 12.00
# Visual Studio Version 17
VisualStudioVersion = 17.0.31903.59
MinimumVisualStudioVersion = 10.0.40219.1
Project("{2150E333-8FDC-42A3-9474-1A3956D46DE8}") = "src", "src", "{827E0CD3-B72D-47B6-A68D-7590B98EB39B}"
EndProject
Project("{FAE04EC0-301F-11D3-BF4B-00C04F79EFBC}") = "TimeTracker.Domain", "src\TimeTracker.Domain\TimeTracker.Domain.csproj", "{D45689D2-0AE2-4D6E-9AAE-C0C367609B5B}"
EndProject
Project("{FAE04EC0-301F-11D3-BF4B-00C04F79EFBC}") = "TimeTracker.Application", "src\TimeTracker.Application\TimeTracker.Application.csproj", "{535E30F6-1830-40C8-9E65-D6EB46B498E4}"
EndProject
Project("{FAE04EC0-301F-11D3-BF4B-00C04F79EFBC}") = "TimeTracker.Desktop", "src\TimeTracker.Desktop\TimeTracker.Desktop.csproj", "{161748DE-F3E9-4DF1-88AD-C4F1AE2677A2}"
EndProject
Project("{FAE04EC0-301F-11D3-BF4B-00C04F79EFBC}") = "TimeTracker.Persistence", "src\TimeTracker.Persistence\TimeTracker.Persistence.csproj", "{D738B758-09D0-45E1-A1D5-4ABC32EF3567}"
EndProject
Project("{FAE04EC0-301F-11D3-BF4B-00C04F79EFBC}") = "TimeTracker.Persistence.SqliteMigrations", "src\TimeTracker.Persistence.SqliteMigrations\TimeTracker.Persistence.SqliteMigrations.csproj", "{4176C1C1-27E1-49A0-A93C-3A0F0F92AB11}"
EndProject
Project("{FAE04EC0-301F-11D3-BF4B-00C04F79EFBC}") = "TimeTracker.Persistence.PgSqlMigrations", "src\TimeTracker.Persistence.PgSqlMigrations\TimeTracker.Persistence.PgSqlMigrations.csproj", "{3CCAE84E-8CE8-4E65-9619-5BBD8D61658F}"
EndProject
Project("{2150E333-8FDC-42A3-9474-1A3956D46DE8}") = "tools", "tools", "{28515318-F8A3-435B-97A4-E26C5B0AE683}"
EndProject
Project("{FAE04EC0-301F-11D3-BF4B-00C04F79EFBC}") = "TimeTracker.Tools.SqliteMigrations", "tools\TimeTracker.Tools.SqliteMigrations\TimeTracker.Tools.SqliteMigrations.csproj", "{1E1F451B-424B-4594-8F79-30E6024760AD}"
EndProject
Project("{FAE04EC0-301F-11D3-BF4B-00C04F79EFBC}") = "TimeTracker.Tools.PgSqlMigrations", "tools\TimeTracker.Tools.PgSqlMigrations\TimeTracker.Tools.PgSqlMigrations.csproj", "{C4F671CF-F573-405F-BC2D-5A027ADA8DC7}"
EndProject
Project("{2150E333-8FDC-42A3-9474-1A3956D46DE8}") = "tests", "tests", "{6B41B1A2-0FA2-431F-828F-A9A2896B8EC0}"
EndProject
Project("{FAE04EC0-301F-11D3-BF4B-00C04F79EFBC}") = "TimeTracker.Application.Tests", "tests\TimeTracker.Application.Tests\TimeTracker.Application.Tests.csproj", "{A03CAF89-02AA-424C-B7FD-DB95B33142B9}"
EndProject
Project("{FAE04EC0-301F-11D3-BF4B-00C04F79EFBC}") = "TimeTracker.Infrastructure", "src\TimeTracker.Infrastructure\TimeTracker.Infrastructure.csproj", "{8E7D874B-32D6-4F7B-AEE3-3F72F8D301AD}"
EndProject
Project("{FAE04EC0-301F-11D3-BF4B-00C04F79EFBC}") = "TimeTracker.Cli", "src\TimeTracker.Cli\TimeTracker.Cli.csproj", "{372337E1-36F7-4494-90B6-0701E6A4328F}"
EndProject
Project("{FAE04EC0-301F-11D3-BF4B-00C04F79EFBC}") = "TimeTracker.Api", "src\TimeTracker.Api\TimeTracker.Api.csproj", "{EB52A199-4330-44DD-B128-4E54E905F663}"
EndProject
Project("{FAE04EC0-301F-11D3-BF4B-00C04F79EFBC}") = "TimeTracker.ApiClient", "src\TimeTracker.ApiClient\TimeTracker.ApiClient.csproj", "{05AA22C9-031B-428C-9EDD-A58889F54466}"
EndProject
Global
	GlobalSection(SolutionConfigurationPlatforms) = preSolution
		Debug|Any CPU = Debug|Any CPU
		Debug|x64 = Debug|x64
		Debug|x86 = Debug|x86
		Release|Any CPU = Release|Any CPU
		Release|x64 = Release|x64
		Release|x86 = Release|x86
	EndGlobalSection
	GlobalSection(ProjectConfigurationPlatforms) = postSolution
		{D45689D2-0AE2-4D6E-9AAE-C0C367609B5B}.Debug|Any CPU.ActiveCfg = Debug|Any CPU
		{D45689D2-0AE2-4D6E-9AAE-C0C367609B5B}.Debug|Any CPU.Build.0 = Debug|Any CPU
		{D45689D2-0AE2-4D6E-9AAE-C0C367609B5B}.Debug|x64.ActiveCfg = Debug|Any CPU
		{D45689D2-0AE2-4D6E-9AAE-C0C367609B5B}.Debug|x64.Build.0 = Debug|Any CPU
		{D45689D2-0AE2-4D6E-9AAE-C0C367609B5B}.Debug|x86.ActiveCfg = Debug|Any CPU
		{D45689D2-0AE2-4D6E-9AAE-C0C367609B5B}.Debug|x86.Build.0 = Debug|Any CPU
		{D45689D2-0AE2-4D6E-9AAE-C0C367609B5B}.Release|Any CPU.ActiveCfg = Release|Any CPU
		{D45689D2-0AE2-4D6E-9AAE-C0C367609B5B}.Release|Any CPU.Build.0 = Release|Any CPU
		{D45689D2-0AE2-4D6E-9AAE-C0C367609B5B}.Release|x64.ActiveCfg = Release|Any CPU
		{D45689D2-0AE2-4D6E-9AAE-C0C367609B5B}.Release|x64.Build.0 = Release|Any CPU
		{D45689D2-0AE2-4D6E-9AAE-C0C367609B5B}.Release|x86.ActiveCfg = Release|Any CPU
		{D45689D2-0AE2-4D6E-9AAE-C0C367609B5B}.Release|x86.Build.0 = Release|Any CPU
		{535E30F6-1830-40C8-9E65-D6EB46B498E4}.Debug|Any CPU.ActiveCfg = Debug|Any CPU
		{535E30F6-1830-40C8-9E65-D6EB46B498E4}.Debug|Any CPU.Build.0 = Debug|Any CPU
		{535E30F6-1830-40C8-9E65-D6EB46B498E4}.Debug|x64.ActiveCfg = Debug|Any CPU
		{535E30F6-1830-40C8-9E65-D6EB46B498E4}.Debug|x64.Build.0 = Debug|Any CPU
		{535E30F6-1830-40C8-9E65-D6EB46B498E4}.Debug|x86.ActiveCfg = Debug|Any CPU
		{535E30F6-1830-40C8-9E65-D6EB46B498E4}.Debug|x86.Build.0 = Debug|Any CPU
		{535E30F6-1830-40C8-9E65-D6EB46B498E4}.Release|Any CPU.ActiveCfg = Release|Any CPU
		{535E30F6-1830-40C8-9E65-D6EB46B498E4}.Release|Any CPU.Build.0 = Release|Any CPU
		{535E30F6-1830-40C8-9E65-D6EB46B498E4}.Release|x64.ActiveCfg = Release|Any CPU
		{535E30F6-1830-40C8-9E65-D6EB46B498E4}.Release|x64.Build.0 = Release|Any CPU
		{535E30F6-1830-40C8-9E65-D6EB46B498E4}.Release|x86.ActiveCfg = Release|Any CPU
		{535E30F6-1830-40C8-9E65-D6EB46B498E4}.Release|x86.Build.0 = Release|Any CPU
		{161748DE-F3E9-4DF1-88AD-C4F1AE2677A2}.Debug|Any CPU.ActiveCfg = Debug|Any CPU
		{161748DE-F3E9-4DF1-88AD-C4F1AE2677A2}.Debug|Any CPU.Build.0 = Debug|Any CPU
		{161748DE-F3E9-4DF1-88AD-C4F1AE2677A2}.Debug|x64.ActiveCfg = Debug|Any CPU
		{161748DE-F3E9-4DF1-88AD-C4F1AE2677A2}.Debug|x64.Build.0 = Debug|Any CPU
		{161748DE-F3E9-4DF1-88AD-C4F1AE2677A2}.Debug|x86.ActiveCfg = Debug|Any CPU
		{161748DE-F3E9-4DF1-88AD-C4F1AE2677A2}.Debug|x86.Build.0 = Debug|Any CPU
		{161748DE-F3E9-4DF1-88AD-C4F1AE2677A2}.Release|Any CPU.ActiveCfg = Release|Any CPU
		{161748DE-F3E9-4DF1-88AD-C4F1AE2677A2}.Release|Any CPU.Build.0 = Release|Any CPU
		{161748DE-F3E9-4DF1-88AD-C4F1AE2677A2}.Release|x64.ActiveCfg = Release|Any CPU
		{161748DE-F3E9-4DF1-88AD-C4F1AE2677A2}.Release|x64.Build.0 = Release|Any CPU
		{161748DE-F3E9-4DF1-88AD-C4F1AE2677A2}.Release|x86.ActiveCfg = Release|Any CPU
		{161748DE-F3E9-4DF1-88AD-C4F1AE2677A2}.Release|x86.Build.0 = Release|Any CPU
		{D738B758-09D0-45E1-A1D5-4ABC32EF3567}.Debug|Any CPU.ActiveCfg = Debug|Any CPU
		{D738B758-09D0-45E1-A1D5-4ABC32EF3567}.Debug|Any CPU.Build.0 = Debug|Any CPU
		{D738B758-09D0-45E1-A1D5-4ABC32EF3567}.Debug|x64.ActiveCfg = Debug|Any CPU
		{D738B758-09D0-45E1-A1D5-4ABC32EF3567}.Debug|x64.Build.0 = Debug|Any CPU
		{D738B758-09D0-45E1-A1D5-4ABC32EF3567}.Debug|x86.ActiveCfg = Debug|Any CPU
		{D738B758-09D0-45E1-A1D5-4ABC32EF3567}.Debug|x86.Build.0 = Debug|Any CPU
		{D738B758-09D0-45E1-A1D5-4ABC32EF3567}.Release|Any CPU.ActiveCfg = Release|Any CPU
		{D738B758-09D0-45E1-A1D5-4ABC32EF3567}.Release|Any CPU.Build.0 = Release|Any CPU
		{D738B758-09D0-45E1-A1D5-4ABC32EF3567}.Release|x64.ActiveCfg = Release|Any CPU
		{D738B758-09D0-45E1-A1D5-4ABC32EF3567}.Release|x64.Build.0 = Release|Any CPU
		{D738B758-09D0-45E1-A1D5-4ABC32EF3567}.Release|x86.ActiveCfg = Release|Any CPU
		{D738B758-09D0-45E1-A1D5-4ABC32EF3567}.Release|x86.Build.0 = Release|Any CPU
		{4176C1C1-27E1-49A0-A93C-3A0F0F92AB11}.Debug|Any CPU.ActiveCfg = Debug|Any CPU
		{4176C1C1-27E1-49A0-A93C-3A0F0F92AB11}.Debug|Any CPU.Build.0 = Debug|Any CPU
		{4176C1C1-27E1-49A0-A93C-3A0F0F92AB11}.Debug|x64.ActiveCfg = Debug|Any CPU
		{4176C1C1-27E1-49A0-A93C-3A0F0F92AB11}.Debug|x64.Build.0 = Debug|Any CPU
		{4176C1C1-27E1-49A0-A93C-3A0F0F92AB11}.Debug|x86.ActiveCfg = Debug|Any CPU
		{4176C1C1-27E1-49A0-A93C-3A0F0F92AB11}.Debug|x86.Build.0 = Debug|Any CPU
		{4176C1C1-27E1-49A0-A93C-3A0F0F92AB11}.Release|Any CPU.ActiveCfg = Release|Any CPU
		{4176C1C1-27E1-49A0-A93C-3A0F0F92AB11}.Release|Any CPU.Build.0 = Release|Any CPU
		{4176C1C1-27E1-49A0-A93C-3A0F0F92AB11}.Release|x64.ActiveCfg = Release|Any CPU
		{4176C1C1-27E1-49A0-A93C-3A0F0F92AB11}.Release|x64.Build.0 = Release|Any CPU
		{4176C1C1-27E1-49A0-A93C-3A0F0F92AB11}.Release|x86.ActiveCfg = Release|Any CPU
		{4176C1C1-27E1-49A0-A93C-3A0F0F92AB11}.Release|x86.Build.0 = Release|Any CPU
		{3CCAE84E-8CE8-4E65-9619-5BBD8D61658F}.Debug|Any CPU.ActiveCfg = Debug|Any CPU
		{3CCAE84E-8CE8-4E65-9619-5BBD8D61658F}.Debug|Any CPU.Build.0 = Debug|Any CPU
		{3CCAE84E-8CE8-4E65-9619-5BBD8D61658F}.Debug|x64.ActiveCfg = Debug|Any CPU
		{3CCAE84E-8CE8-4E65-9619-5BBD8D61658F}.Debug|x64.Build.0 = Debug|Any CPU
		{3CCAE84E-8CE8-4E65-9619-5BBD8D61658F}.Debug|x86.ActiveCfg = Debug|Any CPU
		{3CCAE84E-8CE8-4E65-9619-5BBD8D61658F}.Debug|x86.Build.0 = Debug|Any CPU
		{3CCAE84E-8CE8-4E65-9619-5BBD8D61658F}.Release|Any CPU.ActiveCfg = Release|Any CPU
		{3CCAE84E-8CE8-4E65-9619-5BBD8D61658F}.Release|Any CPU.Build.0 = Release|Any CPU
		{3CCAE84E-8CE8-4E65-9619-5BBD8D61658F}.Release|x64.ActiveCfg = Release|Any CPU
		{3CCAE84E-8CE8-4E65-9619-5BBD8D61658F}.Release|x64.Build.0 = Release|Any CPU
		{3CCAE84E-8CE8-4E65-9619-5BBD8D61658F}.Release|x86.ActiveCfg = Release|Any CPU
		{3CCAE84E-8CE8-4E65-9619-5BBD8D61658F}.Release|x86.Build.0 = Release|Any CPU
		{1E1F451B-424B-4594-8F79-30E6024760AD}.Debug|Any CPU.ActiveCfg = Debug|Any CPU
		{1E1F451B-424B-4594-8F79-30E6024760AD}.Debug|Any CPU.Build.0 = Debug|Any CPU
		{1E1F451B-424B-4594-8F79-30E6024760AD}.Debug|x64.ActiveCfg = Debug|Any CPU
		{1E1F451B-424B-4594-8F79-30E6024760AD}.Debug|x64.Build.0 = Debug|Any CPU
		{1E1F451B-424B-4594-8F79-30E6024760AD}.Debug|x86.ActiveCfg = Debug|Any CPU
		{1E1F451B-424B-4594-8F79-30E6024760AD}.Debug|x86.Build.0 = Debug|Any CPU
		{1E1F451B-424B-4594-8F79-30E6024760AD}.Release|Any CPU.ActiveCfg = Release|Any CPU
		{1E1F451B-424B-4594-8F79-30E6024760AD}.Release|Any CPU.Build.0 = Release|Any CPU
		{1E1F451B-424B-4594-8F79-30E6024760AD}.Release|x64.ActiveCfg = Release|Any CPU
		{1E1F451B-424B-4594-8F79-30E6024760AD}.Release|x64.Build.0 = Release|Any CPU
		{1E1F451B-424B-4594-8F79-30E6024760AD}.Release|x86.ActiveCfg = Release|Any CPU
		{1E1F451B-424B-4594-8F79-30E6024760AD}.Release|x86.Build.0 = Release|Any CPU
		{C4F671CF-F573-405F-BC2D-5A027ADA8DC7}.Debug|Any CPU.ActiveCfg = Debug|Any CPU
		{C4F671CF-F573-405F-BC2D-5A027ADA8DC7}.Debug|Any CPU.Build.0 = Debug|Any CPU
		{C4F671CF-F573-405F-BC2D-5A027ADA8DC7}.Debug|x64.ActiveCfg = Debug|Any CPU
		{C4F671CF-F573-405F-BC2D-5A027ADA8DC7}.Debug|x64.Build.0 = Debug|Any CPU
		{C4F671CF-F573-405F-BC2D-5A027ADA8DC7}.Debug|x86.ActiveCfg = Debug|Any CPU
		{C4F671CF-F573-405F-BC2D-5A027ADA8DC7}.Debug|x86.Build.0 = Debug|Any CPU
		{C4F671CF-F573-405F-BC2D-5A027ADA8DC7}.Release|Any CPU.ActiveCfg = Release|Any CPU
		{C4F671CF-F573-405F-BC2D-5A027ADA8DC7}.Release|Any CPU.Build.0 = Release|Any CPU
		{C4F671CF-F573-405F-BC2D-5A027ADA8DC7}.Release|x64.ActiveCfg = Release|Any CPU
		{C4F671CF-F573-405F-BC2D-5A027ADA8DC7}.Release|x64.Build.0 = Release|Any CPU
		{C4F671CF-F573-405F-BC2D-5A027ADA8DC7}.Release|x86.ActiveCfg = Release|Any CPU
		{C4F671CF-F573-405F-BC2D-5A027ADA8DC7}.Release|x86.Build.0 = Release|Any CPU
		{A03CAF89-02AA-424C-B7FD-DB95B33142B9}.Debug|Any CPU.ActiveCfg = Debug|Any CPU
		{A03CAF89-02AA-424C-B7FD-DB95B33142B9}.Debug|Any CPU.Build.0 = Debug|Any CPU
		{A03CAF89-02AA-424C-B7FD-DB95B33142B9}.Debug|x64.ActiveCfg = Debug|Any CPU
		{A03CAF89-02AA-424C-B7FD-DB95B33142B9}.Debug|x64.Build.0 = Debug|Any CPU
		{A03CAF89-02AA-424C-B7FD-DB95B33142B9}.Debug|x86.ActiveCfg = Debug|Any CPU
		{A03CAF89-02AA-424C-B7FD-DB95B33142B9}.Debug|x86.Build.0 = Debug|Any CPU
		{A03CAF89-02AA-424C-B7FD-DB95B33142B9}.Release|Any CPU.ActiveCfg = Release|Any CPU
		{A03CAF89-02AA-424C-B7FD-DB95B33142B9}.Release|Any CPU.Build.0 = Release|Any CPU
		{A03CAF89-02AA-424C-B7FD-DB95B33142B9}.Release|x64.ActiveCfg = Release|Any CPU
		{A03CAF89-02AA-424C-B7FD-DB95B33142B9}.Release|x64.Build.0 = Release|Any CPU
		{A03CAF89-02AA-424C-B7FD-DB95B33142B9}.Release|x86.ActiveCfg = Release|Any CPU
		{A03CAF89-02AA-424C-B7FD-DB95B33142B9}.Release|x86.Build.0 = Release|Any CPU
		{8E7D874B-32D6-4F7B-AEE3-3F72F8D301AD}.Debug|Any CPU.ActiveCfg = Debug|Any CPU
		{8E7D874B-32D6-4F7B-AEE3-3F72F8D301AD}.Debug|Any CPU.Build.0 = Debug|Any CPU
		{8E7D874B-32D6-4F7B-AEE3-3F72F8D301AD}.Debug|x64.ActiveCfg = Debug|Any CPU
		{8E7D874B-32D6-4F7B-AEE3-3F72F8D301AD}.Debug|x64.Build.0 = Debug|Any CPU
		{8E7D874B-32D6-4F7B-AEE3-3F72F8D301AD}.Debug|x86.ActiveCfg = Debug|Any CPU
		{8E7D874B-32D6-4F7B-AEE3-3F72F8D301AD}.Debug|x86.Build.0 = Debug|Any CPU
		{8E7D874B-32D6-4F7B-AEE3-3F72F8D301AD}.Release|Any CPU.ActiveCfg = Release|Any CPU
		{8E7D874B-32D6-4F7B-AEE3-3F72F8D301AD}.Release|Any CPU.Build.0 = Release|Any CPU
		{8E7D874B-32D6-4F7B-AEE3-3F72F8D301AD}.Release|x64.ActiveCfg = Release|Any CPU
		{8E7D874B-32D6-4F7B-AEE3-3F72F8D301AD}.Release|x64.Build.0 = Release|Any CPU
		{8E7D874B-32D6-4F7B-AEE3-3F72F8D301AD}.Release|x86.ActiveCfg = Release|Any CPU
		{8E7D874B-32D6-4F7B-AEE3-3F72F8D301AD}.Release|x86.Build.0 = Release|Any CPU
		{372337E1-36F7-4494-90B6-0701E6A4328F}.Debug|Any CPU.ActiveCfg = Debug|Any CPU
		{372337E1-36F7-4494-90B6-0701E6A4328F}.Debug|Any CPU.Build.0 = Debug|Any CPU
		{372337E1-36F7-4494-90B6-0701E6A4328F}.Debug|x64.ActiveCfg = Debug|Any CPU
		{372337E1-36F7-4494-90B6-0701E6A4328F}.Debug|x64.Build.0 = Debug|Any CPU
		{372337E1-36F7-4494-90B6-0701E6A4328F}.Debug|x86.ActiveCfg = Debug|Any CPU
		{372337E1-36F7-4494-90B6-0701E6A4328F}.Debug|x86.Build.0 = Debug|Any CPU
		{372337E1-36F7-4494-90B6-0701E6A4328F}.Release|Any CPU.ActiveCfg = Release|Any CPU
		{372337E1-36F7-4494-90B6-0701E6A4328F}.Release|Any CPU.Build.0 = Release|Any CPU
		{372337E1-36F7-4494-90B6-0701E6A4328F}.Release|x64.ActiveCfg = Release|Any CPU
		{372337E1-36F7-4494-90B6-0701E6A4328F}.Release|x64.Build.0 = Release|Any CPU
		{372337E1-36F7-4494-90B6-0701E6A4328F}.Release|x86.ActiveCfg = Release|Any CPU
		{372337E1-36F7-4494-90B6-0701E6A4328F}.Release|x86.Build.0 = Release|Any CPU
		{EB52A199-4330-44DD-B128-4E54E905F663}.Debug|Any CPU.ActiveCfg = Debug|Any CPU
		{EB52A199-4330-44DD-B128-4E54E905F663}.Debug|Any CPU.Build.0 = Debug|Any CPU
		{EB52A199-4330-44DD-B128-4E54E905F663}.Debug|x64.ActiveCfg = Debug|Any CPU
		{EB52A199-4330-44DD-B128-4E54E905F663}.Debug|x64.Build.0 = Debug|Any CPU
		{EB52A199-4330-44DD-B128-4E54E905F663}.Debug|x86.ActiveCfg = Debug|Any CPU
		{EB52A199-4330-44DD-B128-4E54E905F663}.Debug|x86.Build.0 = Debug|Any CPU
		{EB52A199-4330-44DD-B128-4E54E905F663}.Release|Any CPU.ActiveCfg = Release|Any CPU
		{EB52A199-4330-44DD-B128-4E54E905F663}.Release|Any CPU.Build.0 = Release|Any CPU
		{EB52A199-4330-44DD-B128-4E54E905F663}.Release|x64.ActiveCfg = Release|Any CPU
		{EB52A199-4330-44DD-B128-4E54E905F663}.Release|x64.Build.0 = Release|Any CPU
		{EB52A199-4330-44DD-B128-4E54E905F663}.Release|x86.ActiveCfg = Release|Any CPU
		{EB52A199-4330-44DD-B128-4E54E905F663}.Release|x86.Build.0 = Release|Any CPU
		{05AA22C9-031B-428C-9EDD-A58889F54466}.Debug|Any CPU.ActiveCfg = Debug|Any CPU
		{05AA22C9-031B-428C-9EDD-A58889F54466}.Debug|Any CPU.Build.0 = Debug|Any CPU
		{05AA22C9-031B-428C-9EDD-A58889F54466}.Debug|x64.ActiveCfg = Debug|Any CPU
		{05AA22C9-031B-428C-9EDD-A58889F54466}.Debug|x64.Build.0 = Debug|Any CPU
		{05AA22C9-031B-428C-9EDD-A58889F54466}.Debug|x86.ActiveCfg = Debug|Any CPU
		{05AA22C9-031B-428C-9EDD-A58889F54466}.Debug|x86.Build.0 = Debug|Any CPU
		{05AA22C9-031B-428C-9EDD-A58889F54466}.Release|Any CPU.ActiveCfg = Release|Any CPU
		{05AA22C9-031B-428C-9EDD-A58889F54466}.Release|Any CPU.Build.0 = Release|Any CPU
		{05AA22C9-031B-428C-9EDD-A58889F54466}.Release|x64.ActiveCfg = Release|Any CPU
		{05AA22C9-031B-428C-9EDD-A58889F54466}.Release|x64.Build.0 = Release|Any CPU
		{05AA22C9-031B-428C-9EDD-A58889F54466}.Release|x86.ActiveCfg = Release|Any CPU
		{05AA22C9-031B-428C-9EDD-A58889F54466}.Release|x86.Build.0 = Release|Any CPU
	EndGlobalSection
	GlobalSection(SolutionProperties) = preSolution
		HideSolutionNode = FALSE
	EndGlobalSection
	GlobalSection(NestedProjects) = preSolution
		{D45689D2-0AE2-4D6E-9AAE-C0C367609B5B} = {827E0CD3-B72D-47B6-A68D-7590B98EB39B}
		{535E30F6-1830-40C8-9E65-D6EB46B498E4} = {827E0CD3-B72D-47B6-A68D-7590B98EB39B}
		{161748DE-F3E9-4DF1-88AD-C4F1AE2677A2} = {827E0CD3-B72D-47B6-A68D-7590B98EB39B}
		{D738B758-09D0-45E1-A1D5-4ABC32EF3567} = {827E0CD3-B72D-47B6-A68D-7590B98EB39B}
		{4176C1C1-27E1-49A0-A93C-3A0F0F92AB11} = {827E0CD3-B72D-47B6-A68D-7590B98EB39B}
		{3CCAE84E-8CE8-4E65-9619-5BBD8D61658F} = {827E0CD3-B72D-47B6-A68D-7590B98EB39B}
		{1E1F451B-424B-4594-8F79-30E6024760AD} = {28515318-F8A3-435B-97A4-E26C5B0AE683}
		{C4F671CF-F573-405F-BC2D-5A027ADA8DC7} = {28515318-F8A3-435B-97A4-E26C5B0AE683}
		{A03CAF89-02AA-424C-B7FD-DB95B33142B9} = {6B41B1A2-0FA2-431F-828F-A9A2896B8EC0}
		{8E7D874B-32D6-4F7B-AEE3-3F72F8D301AD} = {827E0CD3-B72D-47B6-A68D-7590B98EB39B}
		{372337E1-36F7-4494-90B6-0701E6A4328F} = {827E0CD3-B72D-47B6-A68D-7590B98EB39B}
		{EB52A199-4330-44DD-B128-4E54E905F663} = {827E0CD3-B72D-47B6-A68D-7590B98EB39B}
		{05AA22C9-031B-428C-9EDD-A58889F54466} = {827E0CD3-B72D-47B6-A68D-7590B98EB39B}
	EndGlobalSection
EndGlobal
